{
    "doctrine/deprecations": {
        "version": "1.1",
        "recipe": {
            "repo": "github.com/symfony/recipes",
            "branch": "main",
            "version": "1.0",
            "ref": "fdd756167454623e21f1d769c5b814b243782a67"
        }
    },
    "friendsofphp/php-cs-fixer": {
        "version": "3.95",
        "recipe": {
            "repo": "github.com/symfony/recipes",
            "branch": "main",
            "version": "3.39",
            "ref": "97aaf9026490db73b86c23d49e5774bc89d2b232"
        },
        "files": [
            ".php-cs-fixer.dist.php"
        ]
    },
    "phpstan/phpstan": {
        "version": "2.1",
        "recipe": {
            "repo": "github.com/symfony/recipes-contrib",
            "branch": "main",
            "version": "1.0",
            "ref": "5e490cc197fb6bb1ae22e5abbc531ddc633b6767"
        },
        "files": [
            "phpstan.dist.neon"
        ]
    },
    "phpunit/phpunit": {
        "version": "13.1",
        "recipe": {
            "repo": "github.com/symfony/recipes",
            "branch": "main",
            "version": "11.1",
            "ref": "ca0bc067abfb40a8de1b2561b96cbfc2b833c314"
        },
        "files": [
            ".env.test",
            "phpunit.dist.xml",
            "tests/bootstrap.php",
            "bin/phpunit"
        ]
    },
    "squizlabs/php_codesniffer": {
        "version": "4.0",
        "recipe": {
            "repo": "github.com/symfony/recipes-contrib",
            "branch": "main",
            "version": "3.6",
            "ref": "1019e5c08d4821cb9b77f4891f8e9c31ff20ac6f"
        },
        "files": [
            "phpcs.xml.dist"
        ]
    },
    "symfony/console": {
        "version": "8.0",
        "recipe": {
            "repo": "github.com/symfony/recipes",
            "branch": "main",
            "version": "5.3",
            "ref": "1781ff40d8a17d87cf53f8d4cf0c8346ed2bb461"
        },
        "files": [
            "bin/console"
        ]
    },
    "symfony/flex": {
        "version": "2.10",
        "recipe": {
            "repo": "github.com/symfony/recipes",
            "branch": "main",
            "version": "2.4",
            "ref": "52e9754527a15e2b79d9a610f98185a1fe46622a"
        },
        "files": [
            ".env",
            ".env.dev"
        ]
    },
    "symfony/framework-bundle": {
        "version": "8.0",
        "recipe": {
            "repo": "github.com/symfony/recipes",
            "branch": "main",
            "version": "7.4",
            "ref": "d5dcd308c8becd725c9d8b91e31aab1ff0bbc30b"
        },
        "files": [
            "config/packages/cache.yaml",
            "config/packages/framework.yaml",
            "config/preload.php",
            "config/routes/framework.yaml",
            "config/services.yaml",
            "public/index.php",
            "src/Controller/.gitignore",
            "src/Kernel.php",
            ".editorconfig"
        ]
    },
    "symfony/phpunit-bridge": {
        "version": "8.0",
        "recipe": {
            "repo": "github.com/symfony/recipes",
            "branch": "main",
            "version": "7.3",
            "ref": "56f87409c45ff6654b0bf07c5cc359aebf6016ab"
        }
    },
    "symfony/routing": {
        "version": "8.0",
        "recipe": {
            "repo": "github.com/symfony/recipes",
            "branch": "main",
            "version": "7.4",
            "ref": "bc94c4fd86f393f3ab3947c18b830ea343e51ded"
        },
        "files": [
            "config/packages/routing.yaml",
            "config/routes.yaml"
        ]
    }
}
